{
  "name": "Dart web bindings generator",
  "version": "0.0.1",
  "lockfileVersion": 3,
  "requires": true,
  "packages": {
    "": {
      "name": "Dart web bindings generator",
      "version": "0.0.1",
      "license": "BSD 3",
      "devDependencies": {
        "@webref/css": "^6.2.0",
        "@webref/elements": "^2.1.0",
        "@webref/idl": "^3.23.0",
        "webidl2": "^24.2.2"
      }
    },
    "node_modules/@webref/css": {
      "version": "6.3.3",
      "resolved": "https://registry.npmjs.org/@webref/css/-/css-6.3.3.tgz",
      "integrity": "sha512-eWbFVtZzyVPZFJtE/G2PFzCveR0coxn4aLRV+8Cd1U8Wiq4mvRalS79FGKOEUwRzhxAqvGa7AHO8P969+bKrpA==",
      "dev": true,
      "peerDependencies": {
        "css-tree": "^2.3.1"
      }
    },
    "node_modules/@webref/elements": {
      "version": "2.1.0",
      "resolved": "https://registry.npmjs.org/@webref/elements/-/elements-2.1.0.tgz",
      "integrity": "sha512-voCK9fWmUyWG55GNrHyowrdxI3zg/zLWfmZxWVNI94KjINcgnW0oi6amR3ZofIPbw26Eaqj7JrgAX0CADvDCyQ==",
      "dev": true
    },
    "node_modules/@webref/idl": {
      "version": "3.25.0",
      "resolved": "https://registry.npmjs.org/@webref/idl/-/idl-3.25.0.tgz",
      "integrity": "sha512-bSRGVAzgKj5vO5McPnbbtQSj1U9RvNnVg7v9jYF+xUoV1WzwMhhL9PVIcoqg5YpPPdZVw2Kkn26E496XhH3amg==",
      "dev": true,
      "peerDependencies": {
        "webidl2": "^24.2.2"
      }
    },
    "node_modules/css-tree": {
      "version": "2.3.1",
      "resolved": "https://registry.npmjs.org/css-tree/-/css-tree-2.3.1.tgz",
      "integrity": "sha512-6Fv1DV/TYw//QF5IzQdqsNDjx/wc8TrMBZsqjL9eW01tWb7R7k/mq+/VXfJCl7SoD5emsJop9cOByJZfs8hYIw==",
      "dev": true,
      "peer": true,
      "dependencies": {
        "mdn-data": "2.0.30",
        "source-map-js": "^1.0.1"
      },
      "engines": {
        "node": "^10 || ^12.20.0 || ^14.13.0 || >=15.0.0"
      }
    },
    "node_modules/mdn-data": {
      "version": "2.0.30",
      "resolved": "https://registry.npmjs.org/mdn-data/-/mdn-data-2.0.30.tgz",
      "integrity": "sha512-GaqWWShW4kv/G9IEucWScBx9G1/vsFZZJUO+tD26M8J8z3Kw5RDQjaoZe03YAClgeS/SWPOcb4nkFBTEi5DUEA==",
      "dev": true,
      "peer": true
    },
    "node_modules/source-map-js": {
      "version": "1.0.2",
      "resolved": "https://registry.npmjs.org/source-map-js/-/source-map-js-1.0.2.tgz",
      "integrity": "sha512-R0XvVJ9WusLiqTCEiGCmICCMplcCkIwwR11mOSD9CR5u+IXYdiseeEuXCVAjS54zqwkLcPNnmU4OeJ6tUrWhDw==",
      "dev": true,
      "peer": true,
      "engines": {
        "node": ">=0.10.0"
      }
    },
    "node_modules/webidl2": {
      "version": "24.2.2",
      "resolved": "https://registry.npmjs.org/webidl2/-/webidl2-24.2.2.tgz",
      "integrity": "sha512-4l1lBuUqfNBZDzQfG0dpM2haInTZ+IRnXwbWn9Oc49boPTlXQS8Hpg4GK4kE7M+504ZUKCwzBxtQR/0wPVokUw==",
      "dev": true
    }
  }
}
