{
  "name": "dart_web_bindings_generator",
  "version": "0.0.1",
  "lockfileVersion": 3,
  "requires": true,
  "packages": {
    "": {
      "name": "dart_web_bindings_generator",
      "version": "0.0.1",
      "license": "BSD 3",
      "dependencies": {
        "@webref/css": "^6.10.0",
        "@webref/idl": "^3.23.0"
      },
      "devDependencies": {
        "web-specs": "^2.74.1",
        "webidl2": "^24.2.2"
      }
    },
    "node_modules/@webref/css": {
      "version": "6.10.0",
      "resolved": "https://registry.npmjs.org/@webref/css/-/css-6.10.0.tgz",
      "integrity": "sha512-IOx3La7paGHcVK6z275G4Mare6sP3SloX3KNRF0D6SWytJa8ZW+ckB5evM9ke0FpOtd6MEIXdjf7OqVN9BQfvA==",
      "peerDependencies": {
        "css-tree": "^2.3.1"
      }
    },
    "node_modules/@webref/idl": {
      "version": "3.39.1",
      "resolved": "https://registry.npmjs.org/@webref/idl/-/idl-3.39.1.tgz",
      "integrity": "sha512-dKPhh8b6LOL4p8NQjLwSovu5db4P7Fxkl7t6QnuG6e8EdztmD2jJYFV/d6nDaK/WBNFSZxssqJTT2EfJLVcphw==",
      "peerDependencies": {
        "webidl2": "^24.4.1"
      }
    },
    "node_modules/css-tree": {
      "version": "2.3.1",
      "resolved": "https://registry.npmjs.org/css-tree/-/css-tree-2.3.1.tgz",
      "integrity": "sha512-6Fv1DV/TYw//QF5IzQdqsNDjx/wc8TrMBZsqjL9eW01tWb7R7k/mq+/VXfJCl7SoD5emsJop9cOByJZfs8hYIw==",
      "peer": true,
      "dependencies": {
        "mdn-data": "2.0.30",
        "source-map-js": "^1.0.1"
      },
      "engines": {
        "node": "^10 || ^12.20.0 || ^14.13.0 || >=15.0.0"
      }
    },
    "node_modules/mdn-data": {
      "version": "2.0.30",
      "resolved": "https://registry.npmjs.org/mdn-data/-/mdn-data-2.0.30.tgz",
      "integrity": "sha512-GaqWWShW4kv/G9IEucWScBx9G1/vsFZZJUO+tD26M8J8z3Kw5RDQjaoZe03YAClgeS/SWPOcb4nkFBTEi5DUEA==",
      "peer": true
    },
    "node_modules/source-map-js": {
      "version": "1.0.2",
      "resolved": "https://registry.npmjs.org/source-map-js/-/source-map-js-1.0.2.tgz",
      "integrity": "sha512-R0XvVJ9WusLiqTCEiGCmICCMplcCkIwwR11mOSD9CR5u+IXYdiseeEuXCVAjS54zqwkLcPNnmU4OeJ6tUrWhDw==",
      "peer": true,
      "engines": {
        "node": ">=0.10.0"
      }
    },
    "node_modules/web-specs": {
      "version": "2.74.1",
      "resolved": "https://registry.npmjs.org/web-specs/-/web-specs-2.74.1.tgz",
      "integrity": "sha512-OrXix5LVFhnJ1uvj00jy1vAOkUNzoVWKF7IqkTgqTI9CmYIdLxpknSvE/iqOOHUVNX90izUUj8lJVNjCdnWCuA==",
      "dev": true
    },
    "node_modules/webidl2": {
      "version": "24.4.1",
      "resolved": "https://registry.npmjs.org/webidl2/-/webidl2-24.4.1.tgz",
      "integrity": "sha512-cPToqvZlxTAlaMucZyU28XtFLJz3XPdTdIWK/r3IaP1jfkjqne3OTniJS8DZqfzee1aBUQn80d6s2vYert50kg==",
      "engines": {
        "node": ">= 14"
      }
    }
  }
}
