{
  "name": "dart_web_bindings_generator",
  "version": "0.0.1",
  "lockfileVersion": 3,
  "requires": true,
  "packages": {
    "": {
      "name": "dart_web_bindings_generator",
      "version": "0.0.1",
      "license": "BSD 3",
      "dependencies": {
        "@mdn/browser-compat-data": "^5.5.2",
        "@webref/css": "^6.11.0",
        "@webref/elements": "^2.2.2",
        "@webref/idl": "^3.43.1",
        "typescript": "^5.8.3",
        "webidl2": "^24.4.1"
      }
    },
    "node_modules/@mdn/browser-compat-data": {
      "version": "5.7.6",
      "resolved": "https://registry.npmjs.org/@mdn/browser-compat-data/-/browser-compat-data-5.7.6.tgz",
      "integrity": "sha512-7xdrMX0Wk7grrTZQwAoy1GkvPMFoizStUoL+VmtUkAxegbCCec+3FKwOM6yc/uGU5+BEczQHXAlWiqvM8JeENg==",
      "license": "CC0-1.0"
    },
    "node_modules/@webref/css": {
      "version": "6.23.15",
      "resolved": "https://registry.npmjs.org/@webref/css/-/css-6.23.15.tgz",
      "integrity": "sha512-ZAjHnCfe2DKxeGry8LK+Was0BuVJJti7AhMJ3ldx0aRT5XxrFULAOa/gmFo0fIujhHd6f2wg0EbQWkj8SOZqww==",
      "license": "MIT",
      "peerDependencies": {
        "css-tree": "^3.1.0"
      }
    },
    "node_modules/@webref/elements": {
      "version": "2.5.1",
      "resolved": "https://registry.npmjs.org/@webref/elements/-/elements-2.5.1.tgz",
      "integrity": "sha512-AGAuITJeKPAUAM4KqMh47KOl71Js8Nqs6IMUrS7KCbaQFrtBMRC6zAz/JbfZtcV+FaYqEXg3T0S343VEgXY/wQ==",
      "license": "MIT"
    },
    "node_modules/@webref/idl": {
      "version": "3.68.3",
      "resolved": "https://registry.npmjs.org/@webref/idl/-/idl-3.68.3.tgz",
      "integrity": "sha512-Y3ytN2KguJMNBgigmgvehuIlmCIM17WtYPpDbsJA7DFG0is+jUJfQioA7AnB/Og7JufdGV6912GFS0HBrpx+dQ==",
      "license": "MIT",
      "peerDependencies": {
        "webidl2": "^24.5.0"
      }
    },
    "node_modules/css-tree": {
      "version": "3.1.0",
      "resolved": "https://registry.npmjs.org/css-tree/-/css-tree-3.1.0.tgz",
      "integrity": "sha512-0eW44TGN5SQXU1mWSkKwFstI/22X2bG1nYzZTYMAWjylYURhse752YgbE4Cx46AC+bAvI+/dYTPRk1LqSUnu6w==",
      "license": "MIT",
      "peer": true,
      "dependencies": {
        "mdn-data": "2.12.2",
        "source-map-js": "^1.0.1"
      },
      "engines": {
        "node": "^10 || ^12.20.0 || ^14.13.0 || >=15.0.0"
      }
    },
    "node_modules/mdn-data": {
      "version": "2.12.2",
      "resolved": "https://registry.npmjs.org/mdn-data/-/mdn-data-2.12.2.tgz",
      "integrity": "sha512-IEn+pegP1aManZuckezWCO+XZQDplx1366JoVhTpMpBB1sPey/SbveZQUosKiKiGYjg1wH4pMlNgXbCiYgihQA==",
      "license": "CC0-1.0",
      "peer": true
    },
    "node_modules/source-map-js": {
      "version": "1.2.1",
      "resolved": "https://registry.npmjs.org/source-map-js/-/source-map-js-1.2.1.tgz",
      "integrity": "sha512-UXWMKhLOwVKb728IUtQPXxfYU+usdybtUrK/8uGE8CQMvrhOpwvzDBwj0QhSL7MQc7vIsISBG8VQ8+IDQxpfQA==",
      "license": "BSD-3-Clause",
      "peer": true,
      "engines": {
        "node": ">=0.10.0"
      }
    },
    "node_modules/typescript": {
      "version": "5.9.3",
      "resolved": "https://registry.npmjs.org/typescript/-/typescript-5.9.3.tgz",
      "integrity": "sha512-jl1vZzPDinLr9eUt3J/t7V6FgNEw9QjvBPdysz9KfQDD41fQrC2Y4vKQdiaUpFT4bXlb1RHhLpp8wtm6M5TgSw==",
      "license": "Apache-2.0",
      "bin": {
        "tsc": "bin/tsc",
        "tsserver": "bin/tsserver"
      },
      "engines": {
        "node": ">=14.17"
      }
    },
    "node_modules/webidl2": {
      "version": "24.5.0",
      "resolved": "https://registry.npmjs.org/webidl2/-/webidl2-24.5.0.tgz",
      "integrity": "sha512-fxOigKkIem1iAgQ9t4cFOP+kWEA8y6Be/uh50FpJh0FijoeeT/VMrOyJzNLUgjy0rGMEcHeReKDCqj0g9dIe9A==",
      "license": "W3C",
      "engines": {
        "node": ">= 18"
      }
    }
  }
}
