{
  "name": "dart_web_bindings_generator",
  "version": "0.0.1",
  "lockfileVersion": 3,
  "requires": true,
  "packages": {
    "": {
      "name": "dart_web_bindings_generator",
      "version": "0.0.1",
      "license": "BSD 3",
      "dependencies": {
        "@mdn/browser-compat-data": "^5.5.2",
        "@webref/css": "^6.11.0",
        "@webref/elements": "^2.2.2",
        "@webref/idl": "^3.43.1",
        "typescript": "^5.8.3",
        "webidl2": "^24.4.1"
      }
    },
    "node_modules/@mdn/browser-compat-data": {
      "version": "5.6.42",
      "resolved": "https://registry.npmjs.org/@mdn/browser-compat-data/-/browser-compat-data-5.6.42.tgz",
      "integrity": "sha512-cAJkWdc5OdX0nOO8gngl7MBlJES64ySyeWom5t4OjyHEn8gfUPlIsFeKS4O2OEhvXpgI6T0K/4aYDtW07pKxVA==",
      "license": "CC0-1.0"
    },
    "node_modules/@webref/css": {
      "version": "6.20.3",
      "resolved": "https://registry.npmjs.org/@webref/css/-/css-6.20.3.tgz",
      "integrity": "sha512-Fa+MWaQ9lhK+uVqqwTbeZ0FhlNKJemOj43WhFUFoSGXDtkH0CGrnl2VNRJ50qC1x8r4kDzNAxZKbncusRANmPA==",
      "license": "MIT",
      "peerDependencies": {
        "css-tree": "^3.1.0"
      }
    },
    "node_modules/@webref/elements": {
      "version": "2.4.0",
      "resolved": "https://registry.npmjs.org/@webref/elements/-/elements-2.4.0.tgz",
      "integrity": "sha512-KRD9xK9Wx6N1L0cVf1KiScmoyR5OCrM/tSCgJKFi5WdBZQ+aaIjqtkhU+STO2O9k2X1YiSRMC/+P4gNM1n4v9w==",
      "license": "MIT"
    },
    "node_modules/@webref/idl": {
      "version": "3.60.1",
      "resolved": "https://registry.npmjs.org/@webref/idl/-/idl-3.60.1.tgz",
      "integrity": "sha512-+AL3Zcj8dW0QnXnUo9b6HcWtdwpiX1vdt9M5MGjIMdib0qp7e3Z3tSJ/MBq5uqBh7OGyRhPhpOkRbz1EtexSNQ==",
      "license": "MIT",
      "peerDependencies": {
        "webidl2": "^24.4.1"
      }
    },
    "node_modules/css-tree": {
      "version": "3.1.0",
      "resolved": "https://registry.npmjs.org/css-tree/-/css-tree-3.1.0.tgz",
      "integrity": "sha512-0eW44TGN5SQXU1mWSkKwFstI/22X2bG1nYzZTYMAWjylYURhse752YgbE4Cx46AC+bAvI+/dYTPRk1LqSUnu6w==",
      "license": "MIT",
      "peer": true,
      "dependencies": {
        "mdn-data": "2.12.2",
        "source-map-js": "^1.0.1"
      },
      "engines": {
        "node": "^10 || ^12.20.0 || ^14.13.0 || >=15.0.0"
      }
    },
    "node_modules/mdn-data": {
      "version": "2.12.2",
      "resolved": "https://registry.npmjs.org/mdn-data/-/mdn-data-2.12.2.tgz",
      "integrity": "sha512-IEn+pegP1aManZuckezWCO+XZQDplx1366JoVhTpMpBB1sPey/SbveZQUosKiKiGYjg1wH4pMlNgXbCiYgihQA==",
      "license": "CC0-1.0",
      "peer": true
    },
    "node_modules/source-map-js": {
      "version": "1.2.1",
      "resolved": "https://registry.npmjs.org/source-map-js/-/source-map-js-1.2.1.tgz",
      "integrity": "sha512-UXWMKhLOwVKb728IUtQPXxfYU+usdybtUrK/8uGE8CQMvrhOpwvzDBwj0QhSL7MQc7vIsISBG8VQ8+IDQxpfQA==",
      "license": "BSD-3-Clause",
      "peer": true,
      "engines": {
        "node": ">=0.10.0"
      }
    },
    "node_modules/typescript": {
      "version": "5.8.3",
      "resolved": "https://registry.npmjs.org/typescript/-/typescript-5.8.3.tgz",
      "integrity": "sha512-p1diW6TqL9L07nNxvRMM7hMMw4c5XOo/1ibL4aAIGmSAt9slTE1Xgw5KWuof2uTOvCg9BY7ZRi+GaF+7sfgPeQ==",
      "license": "Apache-2.0",
      "bin": {
        "tsc": "bin/tsc",
        "tsserver": "bin/tsserver"
      },
      "engines": {
        "node": ">=14.17"
      }
    },
    "node_modules/webidl2": {
      "version": "24.4.1",
      "resolved": "https://registry.npmjs.org/webidl2/-/webidl2-24.4.1.tgz",
      "integrity": "sha512-cPToqvZlxTAlaMucZyU28XtFLJz3XPdTdIWK/r3IaP1jfkjqne3OTniJS8DZqfzee1aBUQn80d6s2vYert50kg==",
      "license": "W3C",
      "engines": {
        "node": ">= 14"
      }
    }
  }
}
