{
  "name": "dart_web_bindings_generator",
  "version": "0.0.1",
  "lockfileVersion": 3,
  "requires": true,
  "packages": {
    "": {
      "name": "dart_web_bindings_generator",
      "version": "0.0.1",
      "license": "BSD 3",
      "dependencies": {
        "@types/webidl2": "^24.4.4",
        "typescript": "^5.9.3",
        "webidl2": "^24.4.1"
      }
    },
    "node_modules/@types/webidl2": {
      "version": "24.4.4",
      "resolved": "https://registry.npmjs.org/@types/webidl2/-/webidl2-24.4.4.tgz",
      "integrity": "sha512-V1MjhR7JkQNzvsvaBVOzkKwR29YCQZgTPUtJaMQH6IP7wrvJWB7ZjmtVVNnFQyp2AdvNY+CTptMA9uHVLDOksA==",
      "license": "MIT"
    },
    "node_modules/typescript": {
      "version": "5.9.3",
      "resolved": "https://registry.npmjs.org/typescript/-/typescript-5.9.3.tgz",
      "integrity": "sha512-jl1vZzPDinLr9eUt3J/t7V6FgNEw9QjvBPdysz9KfQDD41fQrC2Y4vKQdiaUpFT4bXlb1RHhLpp8wtm6M5TgSw==",
      "license": "Apache-2.0",
      "bin": {
        "tsc": "bin/tsc",
        "tsserver": "bin/tsserver"
      },
      "engines": {
        "node": ">=14.17"
      }
    },
    "node_modules/webidl2": {
      "version": "24.5.0",
      "resolved": "https://registry.npmjs.org/webidl2/-/webidl2-24.5.0.tgz",
      "integrity": "sha512-fxOigKkIem1iAgQ9t4cFOP+kWEA8y6Be/uh50FpJh0FijoeeT/VMrOyJzNLUgjy0rGMEcHeReKDCqj0g9dIe9A==",
      "license": "W3C",
      "engines": {
        "node": ">= 18"
      }
    }
  }
}
