{
  "name": "dart_web_bindings_generator",
  "version": "0.0.1",
  "lockfileVersion": 3,
  "requires": true,
  "packages": {
    "": {
      "name": "dart_web_bindings_generator",
      "version": "0.0.1",
      "license": "BSD 3",
      "dependencies": {
        "@mdn/browser-compat-data": "^5.5.2",
        "@webref/css": "^6.11.0",
        "@webref/elements": "^2.2.2",
        "@webref/idl": "^3.43.1"
      },
      "devDependencies": {
        "webidl2": "^24.2.2"
      }
    },
    "node_modules/@mdn/browser-compat-data": {
      "version": "5.5.9",
      "resolved": "https://registry.npmjs.org/@mdn/browser-compat-data/-/browser-compat-data-5.5.9.tgz",
      "integrity": "sha512-36jBin7kGrMn+RC/8k9IKeKvZyMweA0sDNIthUbzSGTQasfMIp2naJ1e+ISUtzu/7RrpDjRh4BkVTSO6f0XArA=="
    },
    "node_modules/@webref/css": {
      "version": "6.11.0",
      "resolved": "https://registry.npmjs.org/@webref/css/-/css-6.11.0.tgz",
      "integrity": "sha512-fSG0TzVwF8S5J8P7nz+gRDZbTIrI8M4jSsiLUKU3aRC6Ojqpc7C/JsQmUNSX8OrSSEQRNK4+9Rq8J22905xcsw==",
      "peerDependencies": {
        "css-tree": "^2.3.1"
      }
    },
    "node_modules/@webref/elements": {
      "version": "2.2.2",
      "resolved": "https://registry.npmjs.org/@webref/elements/-/elements-2.2.2.tgz",
      "integrity": "sha512-gl6IaktIBI8xufIFozMKGjqlvRty1iZ4EuD+ksSKir6MV8Qkc1Sxy36FCbAmmyoUx6ODGFXCGu06hJJ2V+/tlg=="
    },
    "node_modules/@webref/idl": {
      "version": "3.43.1",
      "resolved": "https://registry.npmjs.org/@webref/idl/-/idl-3.43.1.tgz",
      "integrity": "sha512-NOPCpY/z/Th9nVtVq/kr8bEeTt4KKZW0qHkOujMx07+HxLOKO1+Oz9MDYCYJOixKGdsHl51cavlQlIyZTc5JvA==",
      "peerDependencies": {
        "webidl2": "^24.4.1"
      }
    },
    "node_modules/css-tree": {
      "version": "2.3.1",
      "resolved": "https://registry.npmjs.org/css-tree/-/css-tree-2.3.1.tgz",
      "integrity": "sha512-6Fv1DV/TYw//QF5IzQdqsNDjx/wc8TrMBZsqjL9eW01tWb7R7k/mq+/VXfJCl7SoD5emsJop9cOByJZfs8hYIw==",
      "peer": true,
      "dependencies": {
        "mdn-data": "2.0.30",
        "source-map-js": "^1.0.1"
      },
      "engines": {
        "node": "^10 || ^12.20.0 || ^14.13.0 || >=15.0.0"
      }
    },
    "node_modules/mdn-data": {
      "version": "2.0.30",
      "resolved": "https://registry.npmjs.org/mdn-data/-/mdn-data-2.0.30.tgz",
      "integrity": "sha512-GaqWWShW4kv/G9IEucWScBx9G1/vsFZZJUO+tD26M8J8z3Kw5RDQjaoZe03YAClgeS/SWPOcb4nkFBTEi5DUEA==",
      "peer": true
    },
    "node_modules/source-map-js": {
      "version": "1.0.2",
      "resolved": "https://registry.npmjs.org/source-map-js/-/source-map-js-1.0.2.tgz",
      "integrity": "sha512-R0XvVJ9WusLiqTCEiGCmICCMplcCkIwwR11mOSD9CR5u+IXYdiseeEuXCVAjS54zqwkLcPNnmU4OeJ6tUrWhDw==",
      "peer": true,
      "engines": {
        "node": ">=0.10.0"
      }
    },
    "node_modules/webidl2": {
      "version": "24.4.1",
      "resolved": "https://registry.npmjs.org/webidl2/-/webidl2-24.4.1.tgz",
      "integrity": "sha512-cPToqvZlxTAlaMucZyU28XtFLJz3XPdTdIWK/r3IaP1jfkjqne3OTniJS8DZqfzee1aBUQn80d6s2vYert50kg==",
      "engines": {
        "node": ">= 14"
      }
    }
  }
}
